lockfileVersion: '6.0'

settings:
  autoInstallPeers: true
  excludeLinksFromLockfile: false

devDependencies:
  '@ton/core':
    specifier: ^0.56.3
    version: 0.56.3(@ton/crypto@3.3.0)
  '@ton/crypto':
    specifier: ^3.3.0
    version: 3.3.0
  '@tsconfig/node18':
    specifier: ^18.2.4
    version: 18.2.4
  '@types/node':
    specifier: ^22.2.0
    version: 22.2.0
  prettier:
    specifier: ^3.3.3
    version: 3.3.3
  typescript:
    specifier: ^5.5.4
    version: 5.5.4

packages:

  /@ton/core@0.56.3(@ton/crypto@3.3.0):
    resolution: {integrity: sha512-HVkalfqw8zqLLPehtq0CNhu5KjVzc7IrbDwDHPjGoOSXmnqSobiWj8a5F+YuWnZnEbQKtrnMGNOOjVw4LG37rg==}
    peerDependencies:
      '@ton/crypto': '>=3.2.0'
    dependencies:
      '@ton/crypto': 3.3.0
      symbol.inspect: 1.0.1
    dev: true

  /@ton/crypto-primitives@2.1.0:
    resolution: {integrity: sha512-PQesoyPgqyI6vzYtCXw4/ZzevePc4VGcJtFwf08v10OevVJHVfW238KBdpj1kEDQkxWLeuNHEpTECNFKnP6tow==}
    dependencies:
      jssha: 3.2.0
    dev: true

  /@ton/crypto@3.3.0:
    resolution: {integrity: sha512-/A6CYGgA/H36OZ9BbTaGerKtzWp50rg67ZCH2oIjV1NcrBaCK9Z343M+CxedvM7Haf3f/Ee9EhxyeTp0GKMUpA==}
    dependencies:
      '@ton/crypto-primitives': 2.1.0
      jssha: 3.2.0
      tweetnacl: 1.0.3
    dev: true

  /@tsconfig/node18@18.2.4:
    resolution: {integrity: sha512-5xxU8vVs9/FNcvm3gE07fPbn9tl6tqGGWA9tSlwsUEkBxtRnTsNmwrV8gasZ9F/EobaSv9+nu8AxUKccw77JpQ==}
    dev: true

  /@types/node@22.2.0:
    resolution: {integrity: sha512-bm6EG6/pCpkxDf/0gDNDdtDILMOHgaQBVOJGdwsqClnxA3xL6jtMv76rLBc006RVMWbmaf0xbmom4Z/5o2nRkQ==}
    dependencies:
      undici-types: 6.13.0
    dev: true

  /jssha@3.2.0:
    resolution: {integrity: sha512-QuruyBENDWdN4tZwJbQq7/eAK85FqrI4oDbXjy5IBhYD+2pTJyBUWZe8ctWaCkrV0gy6AaelgOZZBMeswEa/6Q==}
    dev: true

  /prettier@3.3.3:
    resolution: {integrity: sha512-i2tDNA0O5IrMO757lfrdQZCc2jPNDVntV0m/+4whiDfWaTKfMNgR7Qz0NAeGz/nRqF4m5/6CLzbP4/liHt12Ew==}
    engines: {node: '>=14'}
    hasBin: true
    dev: true

  /symbol.inspect@1.0.1:
    resolution: {integrity: sha512-YQSL4duoHmLhsTD1Pw8RW6TZ5MaTX5rXJnqacJottr2P2LZBF/Yvrc3ku4NUpMOm8aM0KOCqM+UAkMA5HWQCzQ==}
    dev: true

  /tweetnacl@1.0.3:
    resolution: {integrity: sha512-6rt+RN7aOi1nGMyC4Xa5DdYiukl2UWCbcJft7YhxReBGQD7OAM8Pbxw6YMo4r2diNEA8FEmu32YOn9rhaiE5yw==}
    dev: true

  /typescript@5.5.4:
    resolution: {integrity: sha512-Mtq29sKDAEYP7aljRgtPOpTvOfbwRWlS6dPRzwjdE+C0R4brX/GUyhHSecbHMFLNBLcJIPt9nl9yG5TZ1weH+Q==}
    engines: {node: '>=14.17'}
    hasBin: true
    dev: true

  /undici-types@6.13.0:
    resolution: {integrity: sha512-xtFJHudx8S2DSoujjMd1WeWvn7KKWFRESZTMeL1RptAYERu29D6jphMjjY+vn96jvN3kVPDNxU/E13VTaXj6jg==}
    dev: true
